
Microsoft Visual Studio Solution File, Format Version 10.00
# Visual Studio 2008
Project("{8BC9CEB8-8B4A-11D0-8D11-00A0C91BC942}") = "rabi_x86", "rabi_x86.vcproj", "{F827A713-4EFF-4435-91A2-F833E4E51482}"
EndProject
Project("{8BC9CEB8-8B4A-11D0-8D11-00A0C91BC942}") = "sim_mdl", "..\..\..\..\..\other\sim_mdl\sim_mdl.vcproj", "{79466A6E-DCAE-4CFE-9CB4-4B4FECB5B06D}"
EndProject
Global
	GlobalSection(SolutionConfigurationPlatforms) = preSolution
		Debug|Win32 = Debug|Win32
		Release|Win32 = Release|Win32
	EndGlobalSection
	GlobalSection(ProjectConfigurationPlatforms) = postSolution
		{F827A713-4EFF-4435-91A2-F833E4E51482}.Debug|Win32.ActiveCfg = Debug|Win32
		{F827A713-4EFF-4435-91A2-F833E4E51482}.Debug|Win32.Build.0 = Debug|Win32
		{F827A713-4EFF-4435-91A2-F833E4E51482}.Release|Win32.ActiveCfg = Release|Win32
		{F827A713-4EFF-4435-91A2-F833E4E51482}.Release|Win32.Build.0 = Release|Win32
		{79466A6E-DCAE-4CFE-9CB4-4B4FECB5B06D}.Debug|Win32.ActiveCfg = Debug|Win32
		{79466A6E-DCAE-4CFE-9CB4-4B4FECB5B06D}.Debug|Win32.Build.0 = Debug|Win32
		{79466A6E-DCAE-4CFE-9CB4-4B4FECB5B06D}.Release|Win32.ActiveCfg = Release|Win32
		{79466A6E-DCAE-4CFE-9CB4-4B4FECB5B06D}.Release|Win32.Build.0 = Release|Win32
	EndGlobalSection
	GlobalSection(SolutionProperties) = preSolution
		HideSolutionNode = FALSE
	EndGlobalSection
EndGlobal
